PODS:
  - Bolts (1.2.1):
    - Bolts/AppLinks (= 1.2.1)
    - Bolts/Tasks (= 1.2.1)
  - Bolts/AppLinks (1.2.1):
    - Bolts/Tasks
  - Bolts/Tasks (1.2.1)
  - EDStarRating (1.1)
  - FBSDKCoreKit (4.6.0):
    - Bolts (~> 1.1)
    - FBSDKCoreKit/arc (= 4.6.0)
    - FBSDKCoreKit/no-arc (= 4.6.0)
  - FBSDKCoreKit/arc (4.6.0):
    - Bolts (~> 1.1)
  - FBSDKCoreKit/no-arc (4.6.0):
    - Bolts (~> 1.1)
    - FBSDKCoreKit/arc
  - FBSDKLoginKit (4.6.0):
    - FBSDKCoreKit
  - FBSDKShareKit (4.6.0):
    - FBSDKCoreKit
  - Parse (1.8.1):
    - Bolts/Tasks (>= 1.2.0)
  - ParseFacebookUtilsV4 (1.8.1):
    - Bolts/Tasks (>= 1.2.0)
    - FBSDKCoreKit (~> 4.0)
    - FBSDKLoginKit (~> 4.0)
    - Parse (~> 1.8.0)
  - ParseUI (1.1.5):
    - Bolts/Tasks (~> 1.2)
    - Parse (~> 1.8)

DEPENDENCIES:
  - EDStarRating
  - FBSDKCoreKit
  - FBSDKLoginKit
  - FBSDKShareKit
  - Parse
  - ParseFacebookUtilsV4
  - ParseUI

SPEC CHECKSUMS:
  Bolts: 7686a5cb204d1ac54cee26f12d9b7622db3f80d1
  EDStarRating: a41a6440a945020745d0e9ff8ada7d1afa952114
  FBSDKCoreKit: 9954492d90c5fd65ae831395697a1660360d61f1
  FBSDKLoginKit: 3d07febbfa884b9878cacba54f705bb41f07d4b6
  FBSDKShareKit: f474f1123791e215d0299b98b3ee92ddd9187d86
  Parse: 2155953b1565494095d5fa5c83b3c77f2c677c09
  ParseFacebookUtilsV4: 2c54f1c9756f4827417984f42b64bc38571d626b
  ParseUI: 2c53621ed028ee793f5ab92a551b099689265525

COCOAPODS: 0.38.2
